
Microsoft Visual Studio Solution File, Format Version 12.00
# Visual Studio Version 17
VisualStudioVersion = 17.13.35818.85 d17.13
MinimumVisualStudioVersion = 10.0.40219.1
Project("{FAE04EC0-301F-11D3-BF4B-00C04F79EFBC}") = "FoodDelivery", "FoodDelivery\FoodDelivery.csproj", "{19C21B7C-A3F4-4384-97DB-2606AD79F0F1}"
EndProject
Global
	GlobalSection(SolutionConfigurationPlatforms) = preSolution
		Debug|Any CPU = Debug|Any CPU
		Release|Any CPU = Release|Any CPU
	EndGlobalSection
	GlobalSection(ProjectConfigurationPlatforms) = postSolution
		{19C21B7C-A3F4-4384-97DB-2606AD79F0F1}.Debug|Any CPU.ActiveCfg = Debug|Any CPU
		{19C21B7C-A3F4-4384-97DB-2606AD79F0F1}.Debug|Any CPU.Build.0 = Debug|Any CPU
		{19C21B7C-A3F4-4384-97DB-2606AD79F0F1}.Release|Any CPU.ActiveCfg = Release|Any CPU
		{19C21B7C-A3F4-4384-97DB-2606AD79F0F1}.Release|Any CPU.Build.0 = Release|Any CPU
	EndGlobalSection
	GlobalSection(SolutionProperties) = preSolution
		HideSolutionNode = FALSE
	EndGlobalSection
	GlobalSection(ExtensibilityGlobals) = postSolution
		SolutionGuid = {43F7C678-2F3D-4A21-904A-604617A7A496}
	EndGlobalSection
EndGlobal
