
Microsoft Visual Studio Solution File, Format Version 12.00
# Visual Studio Version 17
VisualStudioVersion = 17.13.35818.85 d17.13
MinimumVisualStudioVersion = 10.0.40219.1
Project("{FAE04EC0-301F-11D3-BF4B-00C04F79EFBC}") = "Program1", "Program1\Program1.csproj", "{98CCE84A-96B0-4F4A-ADE5-550D75035E6F}"
EndProject
Global
	GlobalSection(SolutionConfigurationPlatforms) = preSolution
		Debug|Any CPU = Debug|Any CPU
		Release|Any CPU = Release|Any CPU
	EndGlobalSection
	GlobalSection(ProjectConfigurationPlatforms) = postSolution
		{98CCE84A-96B0-4F4A-ADE5-550D75035E6F}.Debug|Any CPU.ActiveCfg = Debug|Any CPU
		{98CCE84A-96B0-4F4A-ADE5-550D75035E6F}.Debug|Any CPU.Build.0 = Debug|Any CPU
		{98CCE84A-96B0-4F4A-ADE5-550D75035E6F}.Release|Any CPU.ActiveCfg = Release|Any CPU
		{98CCE84A-96B0-4F4A-ADE5-550D75035E6F}.Release|Any CPU.Build.0 = Release|Any CPU
	EndGlobalSection
	GlobalSection(SolutionProperties) = preSolution
		HideSolutionNode = FALSE
	EndGlobalSection
	GlobalSection(ExtensibilityGlobals) = postSolution
		SolutionGuid = {758987CC-02AE-4586-AA75-0012A5951652}
	EndGlobalSection
EndGlobal
