
Microsoft Visual Studio Solution File, Format Version 12.00
# Visual Studio Version 17
VisualStudioVersion = 17.13.35818.85 d17.13
MinimumVisualStudioVersion = 10.0.40219.1
Project("{FAE04EC0-301F-11D3-BF4B-00C04F79EFBC}") = "DisconnectedModel", "DisconnectedModel\DisconnectedModel.csproj", "{05D8F5B4-5FA9-4906-B335-4B538C85CD86}"
EndProject
Global
	GlobalSection(SolutionConfigurationPlatforms) = preSolution
		Debug|Any CPU = Debug|Any CPU
		Release|Any CPU = Release|Any CPU
	EndGlobalSection
	GlobalSection(ProjectConfigurationPlatforms) = postSolution
		{05D8F5B4-5FA9-4906-B335-4B538C85CD86}.Debug|Any CPU.ActiveCfg = Debug|Any CPU
		{05D8F5B4-5FA9-4906-B335-4B538C85CD86}.Debug|Any CPU.Build.0 = Debug|Any CPU
		{05D8F5B4-5FA9-4906-B335-4B538C85CD86}.Release|Any CPU.ActiveCfg = Release|Any CPU
		{05D8F5B4-5FA9-4906-B335-4B538C85CD86}.Release|Any CPU.Build.0 = Release|Any CPU
	EndGlobalSection
	GlobalSection(SolutionProperties) = preSolution
		HideSolutionNode = FALSE
	EndGlobalSection
	GlobalSection(ExtensibilityGlobals) = postSolution
		SolutionGuid = {B5DE8CCC-CC8D-4D77-A78E-692B1B87FF30}
	EndGlobalSection
EndGlobal
