
Microsoft Visual Studio Solution File, Format Version 12.00
# Visual Studio Version 17
VisualStudioVersion = 17.13.35818.85 d17.13
MinimumVisualStudioVersion = 10.0.40219.1
Project("{FAE04EC0-301F-11D3-BF4B-00C04F79EFBC}") = "TaskManagerADO", "TaskManagerDB\TaskManagerADO.csproj", "{3A4280EE-81D4-4A34-B148-15BB23A51C86}"
EndProject
Global
	GlobalSection(SolutionConfigurationPlatforms) = preSolution
		Debug|Any CPU = Debug|Any CPU
		Release|Any CPU = Release|Any CPU
	EndGlobalSection
	GlobalSection(ProjectConfigurationPlatforms) = postSolution
		{3A4280EE-81D4-4A34-B148-15BB23A51C86}.Debug|Any CPU.ActiveCfg = Debug|Any CPU
		{3A4280EE-81D4-4A34-B148-15BB23A51C86}.Debug|Any CPU.Build.0 = Debug|Any CPU
		{3A4280EE-81D4-4A34-B148-15BB23A51C86}.Release|Any CPU.ActiveCfg = Release|Any CPU
		{3A4280EE-81D4-4A34-B148-15BB23A51C86}.Release|Any CPU.Build.0 = Release|Any CPU
	EndGlobalSection
	GlobalSection(SolutionProperties) = preSolution
		HideSolutionNode = FALSE
	EndGlobalSection
	GlobalSection(ExtensibilityGlobals) = postSolution
		SolutionGuid = {22D3DA11-7BA5-48D7-88C3-C26017801EEC}
	EndGlobalSection
EndGlobal
