
Microsoft Visual Studio Solution File, Format Version 12.00
# Visual Studio Version 17
VisualStudioVersion = 17.13.35818.85 d17.13
MinimumVisualStudioVersion = 10.0.40219.1
Project("{FAE04EC0-301F-11D3-BF4B-00C04F79EFBC}") = "FrontDesk", "FrontDesk\FrontDesk.csproj", "{4E494636-E52E-4EC1-9537-0C434BBA28B8}"
EndProject
Global
	GlobalSection(SolutionConfigurationPlatforms) = preSolution
		Debug|Any CPU = Debug|Any CPU
		Release|Any CPU = Release|Any CPU
	EndGlobalSection
	GlobalSection(ProjectConfigurationPlatforms) = postSolution
		{4E494636-E52E-4EC1-9537-0C434BBA28B8}.Debug|Any CPU.ActiveCfg = Debug|Any CPU
		{4E494636-E52E-4EC1-9537-0C434BBA28B8}.Debug|Any CPU.Build.0 = Debug|Any CPU
		{4E494636-E52E-4EC1-9537-0C434BBA28B8}.Release|Any CPU.ActiveCfg = Release|Any CPU
		{4E494636-E52E-4EC1-9537-0C434BBA28B8}.Release|Any CPU.Build.0 = Release|Any CPU
	EndGlobalSection
	GlobalSection(SolutionProperties) = preSolution
		HideSolutionNode = FALSE
	EndGlobalSection
	GlobalSection(ExtensibilityGlobals) = postSolution
		SolutionGuid = {92719315-0E24-4FDF-9E45-C47758D5D4AC}
	EndGlobalSection
EndGlobal
