
Microsoft Visual Studio Solution File, Format Version 12.00
# Visual Studio Version 17
VisualStudioVersion = 17.13.35818.85 d17.13
MinimumVisualStudioVersion = 10.0.40219.1
Project("{FAE04EC0-301F-11D3-BF4B-00C04F79EFBC}") = "FoodDeliveryApp", "FoodDeliveryApp.csproj", "{AED9FF8F-E901-440B-B827-736C4113B24E}"
EndProject
Global
	GlobalSection(SolutionConfigurationPlatforms) = preSolution
		Debug|Any CPU = Debug|Any CPU
		Release|Any CPU = Release|Any CPU
	EndGlobalSection
	GlobalSection(ProjectConfigurationPlatforms) = postSolution
		{AED9FF8F-E901-440B-B827-736C4113B24E}.Debug|Any CPU.ActiveCfg = Debug|Any CPU
		{AED9FF8F-E901-440B-B827-736C4113B24E}.Debug|Any CPU.Build.0 = Debug|Any CPU
		{AED9FF8F-E901-440B-B827-736C4113B24E}.Release|Any CPU.ActiveCfg = Release|Any CPU
		{AED9FF8F-E901-440B-B827-736C4113B24E}.Release|Any CPU.Build.0 = Release|Any CPU
	EndGlobalSection
	GlobalSection(SolutionProperties) = preSolution
		HideSolutionNode = FALSE
	EndGlobalSection
	GlobalSection(ExtensibilityGlobals) = postSolution
		SolutionGuid = {D92E84F1-7342-4B55-BD93-067C2567180E}
	EndGlobalSection
EndGlobal
