
Microsoft Visual Studio Solution File, Format Version 12.00
# Visual Studio Version 17
VisualStudioVersion = 17.13.35818.85 d17.13
MinimumVisualStudioVersion = 10.0.40219.1
Project("{FAE04EC0-301F-11D3-BF4B-00C04F79EFBC}") = "FoodDeliveryApp", "FoodDeliveryApp\FoodDeliveryApp.csproj", "{78BA04AA-9EF4-467D-BD49-92377F492F16}"
EndProject
Global
	GlobalSection(SolutionConfigurationPlatforms) = preSolution
		Debug|Any CPU = Debug|Any CPU
		Release|Any CPU = Release|Any CPU
	EndGlobalSection
	GlobalSection(ProjectConfigurationPlatforms) = postSolution
		{78BA04AA-9EF4-467D-BD49-92377F492F16}.Debug|Any CPU.ActiveCfg = Debug|Any CPU
		{78BA04AA-9EF4-467D-BD49-92377F492F16}.Debug|Any CPU.Build.0 = Debug|Any CPU
		{78BA04AA-9EF4-467D-BD49-92377F492F16}.Release|Any CPU.ActiveCfg = Release|Any CPU
		{78BA04AA-9EF4-467D-BD49-92377F492F16}.Release|Any CPU.Build.0 = Release|Any CPU
	EndGlobalSection
	GlobalSection(SolutionProperties) = preSolution
		HideSolutionNode = FALSE
	EndGlobalSection
	GlobalSection(ExtensibilityGlobals) = postSolution
		SolutionGuid = {E0B4A19A-76C8-4279-838D-AB2C164D4922}
	EndGlobalSection
EndGlobal
