
Microsoft Visual Studio Solution File, Format Version 12.00
# Visual Studio Version 17
VisualStudioVersion = 17.13.35818.85 d17.13
MinimumVisualStudioVersion = 10.0.40219.1
Project("{FAE04EC0-301F-11D3-BF4B-00C04F79EFBC}") = "SQL", "SQL.csproj", "{995C2216-5913-46BA-A5D1-304DEEF76029}"
EndProject
Global
	GlobalSection(SolutionConfigurationPlatforms) = preSolution
		Debug|Any CPU = Debug|Any CPU
		Release|Any CPU = Release|Any CPU
	EndGlobalSection
	GlobalSection(ProjectConfigurationPlatforms) = postSolution
		{995C2216-5913-46BA-A5D1-304DEEF76029}.Debug|Any CPU.ActiveCfg = Debug|Any CPU
		{995C2216-5913-46BA-A5D1-304DEEF76029}.Debug|Any CPU.Build.0 = Debug|Any CPU
		{995C2216-5913-46BA-A5D1-304DEEF76029}.Release|Any CPU.ActiveCfg = Release|Any CPU
		{995C2216-5913-46BA-A5D1-304DEEF76029}.Release|Any CPU.Build.0 = Release|Any CPU
	EndGlobalSection
	GlobalSection(SolutionProperties) = preSolution
		HideSolutionNode = FALSE
	EndGlobalSection
	GlobalSection(ExtensibilityGlobals) = postSolution
		SolutionGuid = {2812C698-7909-4362-BBF3-A93BC3C10F11}
	EndGlobalSection
EndGlobal
